{
  "name": "ejercicio1_node",
  "version": "1.0.0",
  "lockfileVersion": 3,
  "requires": true,
  "packages": {
    "": {
      "name": "ejercicio1_node",
      "version": "1.0.0",
      "license": "ISC",
      "dependencies": {
        "ejercicio1_node": "file:"
      }
    },
    "node_modules/ejercicio1_node": {
      "resolved": "",
      "link": true
    }
  }
}
